{
  "version": 4,
  "terraform_version": "1.1.9",
  "serial": 40,
  "lineage": "64ef5d04-42cb-2467-84d1-841d4c5c7fdc",
  "outputs": {},
  "resources": [
    {
      "mode": "managed",
      "type": "aws_vpc",
      "name": "main",
      "provider": "provider[\"registry.terraform.io/hashicorp/aws\"]",
      "instances": [
        {
          "schema_version": 1,
          "attributes": {
            "arn": "arn:aws:ec2:us-east-1:627958207267:vpc/vpc-06b54d9118c71a45f",
            "assign_generated_ipv6_cidr_block": false,
            "cidr_block": "10.0.0.0/16",
            "default_network_acl_id": "acl-0b919725def7205cc",
            "default_route_table_id": "rtb-0947a68d418b0ff58",
            "default_security_group_id": "sg-0448b0acc18c631a3",
            "dhcp_options_id": "dopt-086635497dc9d93d4",
            "enable_classiclink": false,
            "enable_classiclink_dns_support": false,
            "enable_dns_hostnames": false,
            "enable_dns_support": true,
            "enable_network_address_usage_metrics": false,
            "id": "vpc-06b54d9118c71a45f",
            "instance_tenancy": "default",
            "ipv4_ipam_pool_id": null,
            "ipv4_netmask_length": null,
            "ipv6_association_id": "",
            "ipv6_cidr_block": "",
            "ipv6_cidr_block_network_border_group": "",
            "ipv6_ipam_pool_id": "",
            "ipv6_netmask_length": 0,
            "main_route_table_id": "rtb-0947a68d418b0ff58",
            "owner_id": "627958207267",
            "tags": {
              "Name": "ecs-tf-vpc"
            },
            "tags_all": {
              "Name": "ecs-tf-vpc"
            }
          },
          "sensitive_attributes": [],
          "private": "eyJzY2hlbWFfdmVyc2lvbiI6IjEifQ=="
        }
      ]
    }
  ]
}
